
Microsoft Visual Studio Solution File, Format Version 12.00
# Visual Studio Version 16
VisualStudioVersion = 16.0.30114.105
MinimumVisualStudioVersion = 10.0.40219.1
Project("{FAE04EC0-301F-11D3-BF4B-00C04F79EFBC}") = "SharpMC.Generator", "SharpMC.Generator\SharpMC.Generator.csproj", "{590295F4-82D0-4833-9C76-D6546E76EC42}"
EndProject
Project("{FAE04EC0-301F-11D3-BF4B-00C04F79EFBC}") = "SharpMC.Logging", "SharpMC.Logging\SharpMC.Logging.csproj", "{ABAFA31C-B416-4EB4-A5F4-61E332463486}"
EndProject
Project("{FAE04EC0-301F-11D3-BF4B-00C04F79EFBC}") = "SharpMC.Server", "SharpMC.Server\SharpMC.Server.csproj", "{AD1A0F0B-EE2E-4C33-B4FF-4FE0B02C35CC}"
EndProject
Project("{FAE04EC0-301F-11D3-BF4B-00C04F79EFBC}") = "SharpMC", "SharpMC\SharpMC.csproj", "{D84FB74B-5357-47A5-82E0-17E861B0F7BD}"
EndProject
Project("{FAE04EC0-301F-11D3-BF4B-00C04F79EFBC}") = "SharpMC.Network", "SharpMC.Network\SharpMC.Network.csproj", "{8EB9EBA5-5676-4368-8024-E366400F7DBD}"
EndProject
Project("{FAE04EC0-301F-11D3-BF4B-00C04F79EFBC}") = "SharpMC.Plugin.Test", "SharpMC.Plugin.Test\SharpMC.Plugin.Test.csproj", "{0A7A4E01-1CD8-4B23-A28B-D966AAA92171}"
EndProject
Project("{FAE04EC0-301F-11D3-BF4B-00C04F79EFBC}") = "SharpMC.Plugin.Admin", "SharpMC.Plugin.Admin\SharpMC.Plugin.Admin.csproj", "{F45E4B96-4A87-4C04-8E53-F7DA8CDCA9E0}"
EndProject
Project("{FAE04EC0-301F-11D3-BF4B-00C04F79EFBC}") = "SharpMC.API", "SharpMC.API\SharpMC.API.csproj", "{5A21319B-F831-46D5-8F3A-A7286AE4DCF2}"
EndProject
Project("{FAE04EC0-301F-11D3-BF4B-00C04F79EFBC}") = "SharpMC.Plugin.Pets", "SharpMC.Plugin.Pets\SharpMC.Plugin.Pets.csproj", "{E8E11C96-7538-4E82-8F52-99FD17D4834E}"
EndProject
Project("{FAE04EC0-301F-11D3-BF4B-00C04F79EFBC}") = "SharpMC.Network.Test", "SharpMC.Network.Test\SharpMC.Network.Test.csproj", "{8E10A44B-A2F5-40AF-A67D-A5004856936B}"
EndProject
Project("{FAE04EC0-301F-11D3-BF4B-00C04F79EFBC}") = "SharpMC.Settings", "SharpMC.Settings\SharpMC.Settings.csproj", "{A10AC5D0-9FAF-43D2-ACD5-F9410A7BC93F}"
EndProject
Global
	GlobalSection(SolutionConfigurationPlatforms) = preSolution
		Debug|Any CPU = Debug|Any CPU
		Release|Any CPU = Release|Any CPU
	EndGlobalSection
	GlobalSection(SolutionProperties) = preSolution
		HideSolutionNode = FALSE
	EndGlobalSection
	GlobalSection(ProjectConfigurationPlatforms) = postSolution
		{590295F4-82D0-4833-9C76-D6546E76EC42}.Debug|Any CPU.ActiveCfg = Debug|Any CPU
		{590295F4-82D0-4833-9C76-D6546E76EC42}.Debug|Any CPU.Build.0 = Debug|Any CPU
		{590295F4-82D0-4833-9C76-D6546E76EC42}.Release|Any CPU.ActiveCfg = Release|Any CPU
		{590295F4-82D0-4833-9C76-D6546E76EC42}.Release|Any CPU.Build.0 = Release|Any CPU
		{ABAFA31C-B416-4EB4-A5F4-61E332463486}.Debug|Any CPU.ActiveCfg = Debug|Any CPU
		{ABAFA31C-B416-4EB4-A5F4-61E332463486}.Debug|Any CPU.Build.0 = Debug|Any CPU
		{ABAFA31C-B416-4EB4-A5F4-61E332463486}.Release|Any CPU.ActiveCfg = Release|Any CPU
		{ABAFA31C-B416-4EB4-A5F4-61E332463486}.Release|Any CPU.Build.0 = Release|Any CPU
		{AD1A0F0B-EE2E-4C33-B4FF-4FE0B02C35CC}.Debug|Any CPU.ActiveCfg = Debug|Any CPU
		{AD1A0F0B-EE2E-4C33-B4FF-4FE0B02C35CC}.Debug|Any CPU.Build.0 = Debug|Any CPU
		{AD1A0F0B-EE2E-4C33-B4FF-4FE0B02C35CC}.Release|Any CPU.ActiveCfg = Release|Any CPU
		{AD1A0F0B-EE2E-4C33-B4FF-4FE0B02C35CC}.Release|Any CPU.Build.0 = Release|Any CPU
		{D84FB74B-5357-47A5-82E0-17E861B0F7BD}.Debug|Any CPU.ActiveCfg = Debug|Any CPU
		{D84FB74B-5357-47A5-82E0-17E861B0F7BD}.Debug|Any CPU.Build.0 = Debug|Any CPU
		{D84FB74B-5357-47A5-82E0-17E861B0F7BD}.Release|Any CPU.ActiveCfg = Release|Any CPU
		{D84FB74B-5357-47A5-82E0-17E861B0F7BD}.Release|Any CPU.Build.0 = Release|Any CPU
		{8EB9EBA5-5676-4368-8024-E366400F7DBD}.Debug|Any CPU.ActiveCfg = Debug|Any CPU
		{8EB9EBA5-5676-4368-8024-E366400F7DBD}.Debug|Any CPU.Build.0 = Debug|Any CPU
		{8EB9EBA5-5676-4368-8024-E366400F7DBD}.Release|Any CPU.ActiveCfg = Release|Any CPU
		{8EB9EBA5-5676-4368-8024-E366400F7DBD}.Release|Any CPU.Build.0 = Release|Any CPU
		{0A7A4E01-1CD8-4B23-A28B-D966AAA92171}.Debug|Any CPU.ActiveCfg = Debug|Any CPU
		{0A7A4E01-1CD8-4B23-A28B-D966AAA92171}.Debug|Any CPU.Build.0 = Debug|Any CPU
		{0A7A4E01-1CD8-4B23-A28B-D966AAA92171}.Release|Any CPU.ActiveCfg = Release|Any CPU
		{0A7A4E01-1CD8-4B23-A28B-D966AAA92171}.Release|Any CPU.Build.0 = Release|Any CPU
		{F45E4B96-4A87-4C04-8E53-F7DA8CDCA9E0}.Debug|Any CPU.ActiveCfg = Debug|Any CPU
		{F45E4B96-4A87-4C04-8E53-F7DA8CDCA9E0}.Debug|Any CPU.Build.0 = Debug|Any CPU
		{F45E4B96-4A87-4C04-8E53-F7DA8CDCA9E0}.Release|Any CPU.ActiveCfg = Release|Any CPU
		{F45E4B96-4A87-4C04-8E53-F7DA8CDCA9E0}.Release|Any CPU.Build.0 = Release|Any CPU
		{5A21319B-F831-46D5-8F3A-A7286AE4DCF2}.Debug|Any CPU.ActiveCfg = Debug|Any CPU
		{5A21319B-F831-46D5-8F3A-A7286AE4DCF2}.Debug|Any CPU.Build.0 = Debug|Any CPU
		{5A21319B-F831-46D5-8F3A-A7286AE4DCF2}.Release|Any CPU.ActiveCfg = Release|Any CPU
		{5A21319B-F831-46D5-8F3A-A7286AE4DCF2}.Release|Any CPU.Build.0 = Release|Any CPU
		{E8E11C96-7538-4E82-8F52-99FD17D4834E}.Debug|Any CPU.ActiveCfg = Debug|Any CPU
		{E8E11C96-7538-4E82-8F52-99FD17D4834E}.Debug|Any CPU.Build.0 = Debug|Any CPU
		{E8E11C96-7538-4E82-8F52-99FD17D4834E}.Release|Any CPU.ActiveCfg = Release|Any CPU
		{E8E11C96-7538-4E82-8F52-99FD17D4834E}.Release|Any CPU.Build.0 = Release|Any CPU
		{8E10A44B-A2F5-40AF-A67D-A5004856936B}.Debug|Any CPU.ActiveCfg = Debug|Any CPU
		{8E10A44B-A2F5-40AF-A67D-A5004856936B}.Debug|Any CPU.Build.0 = Debug|Any CPU
		{8E10A44B-A2F5-40AF-A67D-A5004856936B}.Release|Any CPU.ActiveCfg = Release|Any CPU
		{8E10A44B-A2F5-40AF-A67D-A5004856936B}.Release|Any CPU.Build.0 = Release|Any CPU
		{A10AC5D0-9FAF-43D2-ACD5-F9410A7BC93F}.Debug|Any CPU.ActiveCfg = Debug|Any CPU
		{A10AC5D0-9FAF-43D2-ACD5-F9410A7BC93F}.Debug|Any CPU.Build.0 = Debug|Any CPU
		{A10AC5D0-9FAF-43D2-ACD5-F9410A7BC93F}.Release|Any CPU.ActiveCfg = Release|Any CPU
		{A10AC5D0-9FAF-43D2-ACD5-F9410A7BC93F}.Release|Any CPU.Build.0 = Release|Any CPU
	EndGlobalSection
EndGlobal
