
Microsoft Visual Studio Solution File, Format Version 12.00
# Visual Studio Version 16
VisualStudioVersion = 16.0.30114.105
MinimumVisualStudioVersion = 10.0.40219.1
Project("{FAE04EC0-301F-11D3-BF4B-00C04F79EFBC}") = "SharpMC.Server", "SharpMC.Server\SharpMC.Server.csproj", "{5501BEC7-3AE3-40AF-986B-BEB67F85C61A}"
EndProject
Project("{FAE04EC0-301F-11D3-BF4B-00C04F79EFBC}") = "SharpMC", "SharpMC\SharpMC.csproj", "{8AE93C77-6576-459E-8513-84F46538A2AF}"
EndProject
Project("{FAE04EC0-301F-11D3-BF4B-00C04F79EFBC}") = "SharpMC.Generator", "SharpMC.Generator\SharpMC.Generator.csproj", "{D7B3AB0B-0BED-4F78-A8A6-0B1E2403D021}"
EndProject
Project("{FAE04EC0-301F-11D3-BF4B-00C04F79EFBC}") = "SharpMC.Plugin.Admin", "SharpMC.Plugin.Admin\SharpMC.Plugin.Admin.csproj", "{80572EC6-1663-4F71-8963-CB53A9C646BF}"
EndProject
Project("{FAE04EC0-301F-11D3-BF4B-00C04F79EFBC}") = "SharpMC.Plugin.API", "SharpMC.Plugin.API\SharpMC.Plugin.API.csproj", "{D1C5420C-0A64-4513-9575-6E5681532F63}"
EndProject
Project("{FAE04EC0-301F-11D3-BF4B-00C04F79EFBC}") = "SharpMC.API", "SharpMC.API\SharpMC.API.csproj", "{BD4E8368-DDCE-4E94-94F2-0235478F70D8}"
EndProject
Project("{FAE04EC0-301F-11D3-BF4B-00C04F79EFBC}") = "SharpMC.Data", "SharpMC.Data\SharpMC.Data.csproj", "{8F4EAF42-F3B3-4184-B239-4C45AF55AC10}"
EndProject
Project("{FAE04EC0-301F-11D3-BF4B-00C04F79EFBC}") = "SharpMC.Network", "SharpMC.Network\SharpMC.Network.csproj", "{D4455002-0F84-470D-BAC6-5CDDEB7CE774}"
EndProject
Project("{FAE04EC0-301F-11D3-BF4B-00C04F79EFBC}") = "SharpMC.Network.Test", "SharpMC.Network.Test\SharpMC.Network.Test.csproj", "{F34325B2-9351-4D24-8332-B2AD505831A4}"
EndProject
Project("{FAE04EC0-301F-11D3-BF4B-00C04F79EFBC}") = "SharpMC.World.API", "SharpMC.World.API\SharpMC.World.API.csproj", "{09000A75-8104-48B3-9241-5F881133C1E7}"
EndProject
Project("{FAE04EC0-301F-11D3-BF4B-00C04F79EFBC}") = "SharpMC.World.Standard", "SharpMC.World.Standard\SharpMC.World.Standard.csproj", "{0BB21171-F6AC-421A-8800-5C74F118AF8F}"
EndProject
Project("{FAE04EC0-301F-11D3-BF4B-00C04F79EFBC}") = "SharpMC.World.Flat", "SharpMC.World.Flat\SharpMC.World.Flat.csproj", "{93F167C0-AE4F-4F99-B298-F93F55914852}"
EndProject
Project("{FAE04EC0-301F-11D3-BF4B-00C04F79EFBC}") = "SharpMC.World.Common", "SharpMC.World.Common\SharpMC.World.Common.csproj", "{6808EBC5-DE17-4FBB-80B5-F35FB335F7DD}"
EndProject
Project("{FAE04EC0-301F-11D3-BF4B-00C04F79EFBC}") = "SharpMC.Network.API", "SharpMC.Network.API\SharpMC.Network.API.csproj", "{C7019837-6498-44AA-8AF9-0D1F5829A49D}"
EndProject
Global
	GlobalSection(SolutionConfigurationPlatforms) = preSolution
		Debug|Any CPU = Debug|Any CPU
		Release|Any CPU = Release|Any CPU
	EndGlobalSection
	GlobalSection(SolutionProperties) = preSolution
		HideSolutionNode = FALSE
	EndGlobalSection
	GlobalSection(ProjectConfigurationPlatforms) = postSolution
		{5501BEC7-3AE3-40AF-986B-BEB67F85C61A}.Debug|Any CPU.ActiveCfg = Debug|Any CPU
		{5501BEC7-3AE3-40AF-986B-BEB67F85C61A}.Debug|Any CPU.Build.0 = Debug|Any CPU
		{5501BEC7-3AE3-40AF-986B-BEB67F85C61A}.Release|Any CPU.ActiveCfg = Release|Any CPU
		{5501BEC7-3AE3-40AF-986B-BEB67F85C61A}.Release|Any CPU.Build.0 = Release|Any CPU
		{8AE93C77-6576-459E-8513-84F46538A2AF}.Debug|Any CPU.ActiveCfg = Debug|Any CPU
		{8AE93C77-6576-459E-8513-84F46538A2AF}.Debug|Any CPU.Build.0 = Debug|Any CPU
		{8AE93C77-6576-459E-8513-84F46538A2AF}.Release|Any CPU.ActiveCfg = Release|Any CPU
		{8AE93C77-6576-459E-8513-84F46538A2AF}.Release|Any CPU.Build.0 = Release|Any CPU
		{D7B3AB0B-0BED-4F78-A8A6-0B1E2403D021}.Debug|Any CPU.ActiveCfg = Debug|Any CPU
		{D7B3AB0B-0BED-4F78-A8A6-0B1E2403D021}.Debug|Any CPU.Build.0 = Debug|Any CPU
		{D7B3AB0B-0BED-4F78-A8A6-0B1E2403D021}.Release|Any CPU.ActiveCfg = Release|Any CPU
		{D7B3AB0B-0BED-4F78-A8A6-0B1E2403D021}.Release|Any CPU.Build.0 = Release|Any CPU
		{80572EC6-1663-4F71-8963-CB53A9C646BF}.Debug|Any CPU.ActiveCfg = Debug|Any CPU
		{80572EC6-1663-4F71-8963-CB53A9C646BF}.Debug|Any CPU.Build.0 = Debug|Any CPU
		{80572EC6-1663-4F71-8963-CB53A9C646BF}.Release|Any CPU.ActiveCfg = Release|Any CPU
		{80572EC6-1663-4F71-8963-CB53A9C646BF}.Release|Any CPU.Build.0 = Release|Any CPU
		{D1C5420C-0A64-4513-9575-6E5681532F63}.Debug|Any CPU.ActiveCfg = Debug|Any CPU
		{D1C5420C-0A64-4513-9575-6E5681532F63}.Debug|Any CPU.Build.0 = Debug|Any CPU
		{D1C5420C-0A64-4513-9575-6E5681532F63}.Release|Any CPU.ActiveCfg = Release|Any CPU
		{D1C5420C-0A64-4513-9575-6E5681532F63}.Release|Any CPU.Build.0 = Release|Any CPU
		{BD4E8368-DDCE-4E94-94F2-0235478F70D8}.Debug|Any CPU.ActiveCfg = Debug|Any CPU
		{BD4E8368-DDCE-4E94-94F2-0235478F70D8}.Debug|Any CPU.Build.0 = Debug|Any CPU
		{BD4E8368-DDCE-4E94-94F2-0235478F70D8}.Release|Any CPU.ActiveCfg = Release|Any CPU
		{BD4E8368-DDCE-4E94-94F2-0235478F70D8}.Release|Any CPU.Build.0 = Release|Any CPU
		{8F4EAF42-F3B3-4184-B239-4C45AF55AC10}.Debug|Any CPU.ActiveCfg = Debug|Any CPU
		{8F4EAF42-F3B3-4184-B239-4C45AF55AC10}.Debug|Any CPU.Build.0 = Debug|Any CPU
		{8F4EAF42-F3B3-4184-B239-4C45AF55AC10}.Release|Any CPU.ActiveCfg = Release|Any CPU
		{8F4EAF42-F3B3-4184-B239-4C45AF55AC10}.Release|Any CPU.Build.0 = Release|Any CPU
		{D4455002-0F84-470D-BAC6-5CDDEB7CE774}.Debug|Any CPU.ActiveCfg = Debug|Any CPU
		{D4455002-0F84-470D-BAC6-5CDDEB7CE774}.Debug|Any CPU.Build.0 = Debug|Any CPU
		{D4455002-0F84-470D-BAC6-5CDDEB7CE774}.Release|Any CPU.ActiveCfg = Release|Any CPU
		{D4455002-0F84-470D-BAC6-5CDDEB7CE774}.Release|Any CPU.Build.0 = Release|Any CPU
		{F34325B2-9351-4D24-8332-B2AD505831A4}.Debug|Any CPU.ActiveCfg = Debug|Any CPU
		{F34325B2-9351-4D24-8332-B2AD505831A4}.Debug|Any CPU.Build.0 = Debug|Any CPU
		{F34325B2-9351-4D24-8332-B2AD505831A4}.Release|Any CPU.ActiveCfg = Release|Any CPU
		{F34325B2-9351-4D24-8332-B2AD505831A4}.Release|Any CPU.Build.0 = Release|Any CPU
		{09000A75-8104-48B3-9241-5F881133C1E7}.Debug|Any CPU.ActiveCfg = Debug|Any CPU
		{09000A75-8104-48B3-9241-5F881133C1E7}.Debug|Any CPU.Build.0 = Debug|Any CPU
		{09000A75-8104-48B3-9241-5F881133C1E7}.Release|Any CPU.ActiveCfg = Release|Any CPU
		{09000A75-8104-48B3-9241-5F881133C1E7}.Release|Any CPU.Build.0 = Release|Any CPU
		{0BB21171-F6AC-421A-8800-5C74F118AF8F}.Debug|Any CPU.ActiveCfg = Debug|Any CPU
		{0BB21171-F6AC-421A-8800-5C74F118AF8F}.Debug|Any CPU.Build.0 = Debug|Any CPU
		{0BB21171-F6AC-421A-8800-5C74F118AF8F}.Release|Any CPU.ActiveCfg = Release|Any CPU
		{0BB21171-F6AC-421A-8800-5C74F118AF8F}.Release|Any CPU.Build.0 = Release|Any CPU
		{93F167C0-AE4F-4F99-B298-F93F55914852}.Debug|Any CPU.ActiveCfg = Debug|Any CPU
		{93F167C0-AE4F-4F99-B298-F93F55914852}.Debug|Any CPU.Build.0 = Debug|Any CPU
		{93F167C0-AE4F-4F99-B298-F93F55914852}.Release|Any CPU.ActiveCfg = Release|Any CPU
		{93F167C0-AE4F-4F99-B298-F93F55914852}.Release|Any CPU.Build.0 = Release|Any CPU
		{6808EBC5-DE17-4FBB-80B5-F35FB335F7DD}.Debug|Any CPU.ActiveCfg = Debug|Any CPU
		{6808EBC5-DE17-4FBB-80B5-F35FB335F7DD}.Debug|Any CPU.Build.0 = Debug|Any CPU
		{6808EBC5-DE17-4FBB-80B5-F35FB335F7DD}.Release|Any CPU.ActiveCfg = Release|Any CPU
		{6808EBC5-DE17-4FBB-80B5-F35FB335F7DD}.Release|Any CPU.Build.0 = Release|Any CPU
		{C7019837-6498-44AA-8AF9-0D1F5829A49D}.Debug|Any CPU.ActiveCfg = Debug|Any CPU
		{C7019837-6498-44AA-8AF9-0D1F5829A49D}.Debug|Any CPU.Build.0 = Debug|Any CPU
		{C7019837-6498-44AA-8AF9-0D1F5829A49D}.Release|Any CPU.ActiveCfg = Release|Any CPU
		{C7019837-6498-44AA-8AF9-0D1F5829A49D}.Release|Any CPU.Build.0 = Release|Any CPU
	EndGlobalSection
EndGlobal
